
Microsoft Visual Studio Solution File, Format Version 12.00
# Visual Studio Version 17
VisualStudioVersion = 17.8.34330.188
MinimumVisualStudioVersion = 10.0.40219.1
Project("{FAE04EC0-301F-11D3-BF4B-00C04F79EFBC}") = "S10261024_PRG2Assignment", "S10261024_PRG2Assignment\S10261024_PRG2Assignment.csproj", "{48132E6E-2405-4426-9722-36A638A8F238}"
EndProject
Global
	GlobalSection(SolutionConfigurationPlatforms) = preSolution
		Debug|Any CPU = Debug|Any CPU
		Release|Any CPU = Release|Any CPU
	EndGlobalSection
	GlobalSection(ProjectConfigurationPlatforms) = postSolution
		{48132E6E-2405-4426-9722-36A638A8F238}.Debug|Any CPU.ActiveCfg = Debug|Any CPU
		{48132E6E-2405-4426-9722-36A638A8F238}.Debug|Any CPU.Build.0 = Debug|Any CPU
		{48132E6E-2405-4426-9722-36A638A8F238}.Release|Any CPU.ActiveCfg = Release|Any CPU
		{48132E6E-2405-4426-9722-36A638A8F238}.Release|Any CPU.Build.0 = Release|Any CPU
	EndGlobalSection
	GlobalSection(SolutionProperties) = preSolution
		HideSolutionNode = FALSE
	EndGlobalSection
	GlobalSection(ExtensibilityGlobals) = postSolution
		SolutionGuid = {B9B6078A-3BCD-44AD-B168-1D80B59C69DD}
	EndGlobalSection
EndGlobal
